
Microsoft Visual Studio Solution File, Format Version 12.00
# Visual Studio Version 16
VisualStudioVersion = 16.0.30320.27
MinimumVisualStudioVersion = 10.0.40219.1
Project("{FAE04EC0-301F-11D3-BF4B-00C04F79EFBC}") = "Specificker", "Specificker\Specificker.csproj", "{2DA82F8F-0AE6-4600-BF8B-FF64C6263603}"
EndProject
Project("{FAE04EC0-301F-11D3-BF4B-00C04F79EFBC}") = "IniUtils", "IniUtils\IniUtils.csproj", "{63257DB6-32AC-4B88-8927-92343C321F02}"
EndProject
Project("{FAE04EC0-301F-11D3-BF4B-00C04F79EFBC}") = "UnitTestForIniUtils", "UnitTestForIniUtils\UnitTestForIniUtils.csproj", "{10184A1F-6D35-40DD-BBEA-12CBFC4A1052}"
EndProject
Global
	GlobalSection(SolutionConfigurationPlatforms) = preSolution
		Debug|Any CPU = Debug|Any CPU
		Release|Any CPU = Release|Any CPU
	EndGlobalSection
	GlobalSection(ProjectConfigurationPlatforms) = postSolution
		{2DA82F8F-0AE6-4600-BF8B-FF64C6263603}.Debug|Any CPU.ActiveCfg = Debug|Any CPU
		{2DA82F8F-0AE6-4600-BF8B-FF64C6263603}.Debug|Any CPU.Build.0 = Debug|Any CPU
		{2DA82F8F-0AE6-4600-BF8B-FF64C6263603}.Release|Any CPU.ActiveCfg = Release|Any CPU
		{2DA82F8F-0AE6-4600-BF8B-FF64C6263603}.Release|Any CPU.Build.0 = Release|Any CPU
		{63257DB6-32AC-4B88-8927-92343C321F02}.Debug|Any CPU.ActiveCfg = Debug|Any CPU
		{63257DB6-32AC-4B88-8927-92343C321F02}.Debug|Any CPU.Build.0 = Debug|Any CPU
		{63257DB6-32AC-4B88-8927-92343C321F02}.Release|Any CPU.ActiveCfg = Release|Any CPU
		{63257DB6-32AC-4B88-8927-92343C321F02}.Release|Any CPU.Build.0 = Release|Any CPU
		{10184A1F-6D35-40DD-BBEA-12CBFC4A1052}.Debug|Any CPU.ActiveCfg = Debug|Any CPU
		{10184A1F-6D35-40DD-BBEA-12CBFC4A1052}.Debug|Any CPU.Build.0 = Debug|Any CPU
		{10184A1F-6D35-40DD-BBEA-12CBFC4A1052}.Release|Any CPU.ActiveCfg = Release|Any CPU
		{10184A1F-6D35-40DD-BBEA-12CBFC4A1052}.Release|Any CPU.Build.0 = Release|Any CPU
	EndGlobalSection
	GlobalSection(SolutionProperties) = preSolution
		HideSolutionNode = FALSE
	EndGlobalSection
	GlobalSection(ExtensibilityGlobals) = postSolution
		SolutionGuid = {366E188E-B5A3-456B-AE9E-E6847050B795}
	EndGlobalSection
EndGlobal
